
Microsoft Visual Studio Solution File, Format Version 12.00
# Visual Studio 15
VisualStudioVersion = 15.0.28307.902
MinimumVisualStudioVersion = 10.0.40219.1
Project("{2150E333-8FDC-42A3-9474-1A3956D46DE8}") = "Constants", "Constants", "{B8D5B662-461C-445F-9E15-F9CDC914846E}"
	ProjectSection(SolutionItems) = preProject
		Constants\EfcCalculationConstants.1011.xml = Constants\EfcCalculationConstants.1011.xml
		Constants\EfcCalculationConstants.1112.xml = Constants\EfcCalculationConstants.1112.xml
		Constants\EfcCalculationConstants.1213.xml = Constants\EfcCalculationConstants.1213.xml
		Constants\EfcCalculationConstants.1314.xml = Constants\EfcCalculationConstants.1314.xml
		Constants\EfcCalculationConstants.1415.xml = Constants\EfcCalculationConstants.1415.xml
		Constants\EfcCalculationConstants.1516.xml = Constants\EfcCalculationConstants.1516.xml
		Constants\EfcCalculationConstants.1617.xml = Constants\EfcCalculationConstants.1617.xml
		Constants\EfcCalculationConstants.1718.xml = Constants\EfcCalculationConstants.1718.xml
		Constants\EfcCalculationConstants.1819.xml = Constants\EfcCalculationConstants.1819.xml
		Constants\EfcCalculationConstants.1920.xml = Constants\EfcCalculationConstants.1920.xml
		Constants\EfcCalculationConstants.2021.xml = Constants\EfcCalculationConstants.2021.xml
	EndProjectSection
EndProject
Project("{2150E333-8FDC-42A3-9474-1A3956D46DE8}") = "Documentation", "Documentation", "{FA5A9331-4C06-43FA-A8C1-4DEB0AA0D1C7}"
	ProjectSection(SolutionItems) = preProject
		README.md = README.md
	EndProjectSection
EndProject
Project("{FAE04EC0-301F-11D3-BF4B-00C04F79EFBC}") = "Ucsb.Sa.FinAid.AidEstimation", "AidEstimation\Ucsb.Sa.FinAid.AidEstimation.csproj", "{2CFBACD0-1733-4035-9E94-275D948D0A20}"
EndProject
Project("{FAE04EC0-301F-11D3-BF4B-00C04F79EFBC}") = "Ucsb.Sa.FinAid.AidEstimation.EfcCalculation", "AidEstimation.EfcCalculation\Ucsb.Sa.FinAid.AidEstimation.EfcCalculation.csproj", "{1D25A148-DCE5-4F30-8F6E-744325ACF88F}"
EndProject
Project("{FAE04EC0-301F-11D3-BF4B-00C04F79EFBC}") = "Ucsb.Sa.FinAid.AidEstimation.EfcCalculation.Test", "AidEstimation.EfcCalculation.Test\Ucsb.Sa.FinAid.AidEstimation.EfcCalculation.Test.csproj", "{B7777A16-AC88-404D-B14F-AE1E739A7EA9}"
EndProject
Project("{FAE04EC0-301F-11D3-BF4B-00C04F79EFBC}") = "Ucsb.Sa.FinAid.AidEstimation.Test", "AidEstimation.Test\Ucsb.Sa.FinAid.AidEstimation.Test.csproj", "{862DB3AA-0B20-48E0-98BE-79799A8086FD}"
EndProject
Project("{FAE04EC0-301F-11D3-BF4B-00C04F79EFBC}") = "Ucsb.Sa.FinAid.AidEstimation.Utility", "AidEstimation.Utility\Ucsb.Sa.FinAid.AidEstimation.Utility.csproj", "{43BB3F09-660E-4044-8C14-428BDB7D5E23}"
EndProject
Project("{FAE04EC0-301F-11D3-BF4B-00C04F79EFBC}") = "Ucsb.Sa.FinAid.AidEstimation.Utility.Test", "AidEstimation.Utility.Test\Ucsb.Sa.FinAid.AidEstimation.Utility.Test.csproj", "{D655EAC2-5A3B-4E4A-9191-AF4787546DAB}"
EndProject
Project("{FAE04EC0-301F-11D3-BF4B-00C04F79EFBC}") = "Ucsb.Sa.FinAid.AidEstimation.Web", "AidEstimation.Web\Ucsb.Sa.FinAid.AidEstimation.Web.csproj", "{E5716305-E0CA-4F76-8BE8-A7E41DEDE209}"
EndProject
Global
	GlobalSection(SolutionConfigurationPlatforms) = preSolution
		Debug|Any CPU = Debug|Any CPU
		Release|Any CPU = Release|Any CPU
	EndGlobalSection
	GlobalSection(ProjectConfigurationPlatforms) = postSolution
		{2CFBACD0-1733-4035-9E94-275D948D0A20}.Debug|Any CPU.ActiveCfg = Debug|Any CPU
		{2CFBACD0-1733-4035-9E94-275D948D0A20}.Debug|Any CPU.Build.0 = Debug|Any CPU
		{2CFBACD0-1733-4035-9E94-275D948D0A20}.Release|Any CPU.ActiveCfg = Release|Any CPU
		{2CFBACD0-1733-4035-9E94-275D948D0A20}.Release|Any CPU.Build.0 = Release|Any CPU
		{1D25A148-DCE5-4F30-8F6E-744325ACF88F}.Debug|Any CPU.ActiveCfg = Debug|Any CPU
		{1D25A148-DCE5-4F30-8F6E-744325ACF88F}.Debug|Any CPU.Build.0 = Debug|Any CPU
		{1D25A148-DCE5-4F30-8F6E-744325ACF88F}.Release|Any CPU.ActiveCfg = Release|Any CPU
		{1D25A148-DCE5-4F30-8F6E-744325ACF88F}.Release|Any CPU.Build.0 = Release|Any CPU
		{B7777A16-AC88-404D-B14F-AE1E739A7EA9}.Debug|Any CPU.ActiveCfg = Debug|Any CPU
		{B7777A16-AC88-404D-B14F-AE1E739A7EA9}.Debug|Any CPU.Build.0 = Debug|Any CPU
		{B7777A16-AC88-404D-B14F-AE1E739A7EA9}.Release|Any CPU.ActiveCfg = Release|Any CPU
		{B7777A16-AC88-404D-B14F-AE1E739A7EA9}.Release|Any CPU.Build.0 = Release|Any CPU
		{862DB3AA-0B20-48E0-98BE-79799A8086FD}.Debug|Any CPU.ActiveCfg = Debug|Any CPU
		{862DB3AA-0B20-48E0-98BE-79799A8086FD}.Debug|Any CPU.Build.0 = Debug|Any CPU
		{862DB3AA-0B20-48E0-98BE-79799A8086FD}.Release|Any CPU.ActiveCfg = Release|Any CPU
		{862DB3AA-0B20-48E0-98BE-79799A8086FD}.Release|Any CPU.Build.0 = Release|Any CPU
		{43BB3F09-660E-4044-8C14-428BDB7D5E23}.Debug|Any CPU.ActiveCfg = Debug|Any CPU
		{43BB3F09-660E-4044-8C14-428BDB7D5E23}.Debug|Any CPU.Build.0 = Debug|Any CPU
		{43BB3F09-660E-4044-8C14-428BDB7D5E23}.Release|Any CPU.ActiveCfg = Release|Any CPU
		{43BB3F09-660E-4044-8C14-428BDB7D5E23}.Release|Any CPU.Build.0 = Release|Any CPU
		{D655EAC2-5A3B-4E4A-9191-AF4787546DAB}.Debug|Any CPU.ActiveCfg = Debug|Any CPU
		{D655EAC2-5A3B-4E4A-9191-AF4787546DAB}.Debug|Any CPU.Build.0 = Debug|Any CPU
		{D655EAC2-5A3B-4E4A-9191-AF4787546DAB}.Release|Any CPU.ActiveCfg = Release|Any CPU
		{D655EAC2-5A3B-4E4A-9191-AF4787546DAB}.Release|Any CPU.Build.0 = Release|Any CPU
		{E5716305-E0CA-4F76-8BE8-A7E41DEDE209}.Debug|Any CPU.ActiveCfg = Debug|Any CPU
		{E5716305-E0CA-4F76-8BE8-A7E41DEDE209}.Debug|Any CPU.Build.0 = Debug|Any CPU
		{E5716305-E0CA-4F76-8BE8-A7E41DEDE209}.Release|Any CPU.ActiveCfg = Release|Any CPU
		{E5716305-E0CA-4F76-8BE8-A7E41DEDE209}.Release|Any CPU.Build.0 = Release|Any CPU
	EndGlobalSection
	GlobalSection(SolutionProperties) = preSolution
		HideSolutionNode = FALSE
	EndGlobalSection
	GlobalSection(ExtensibilityGlobals) = postSolution
		SolutionGuid = {6202CF07-454F-42A6-AC7D-7E3BC8D7D5C3}
	EndGlobalSection
EndGlobal
